
Microsoft Visual Studio Solution File, Format Version 12.00
# Visual Studio Version 17
VisualStudioVersion = 17.0.32112.339
MinimumVisualStudioVersion = 10.0.40219.1
Project("{9A19103F-16F7-4668-BE54-9A1E7A4F7556}") = "DGU_StringAssist", "DGU_StringAssist\DGU_StringAssist.csproj", "{50B9D1DF-93FF-4B23-8160-AEDA2C42E212}"
EndProject
Project("{9A19103F-16F7-4668-BE54-9A1E7A4F7556}") = "DGU_NetworkAssist", "DGU_NetworkAssist\DGU_NetworkAssist.csproj", "{42777A87-D887-4160-A86C-3EBE481D476B}"
EndProject
Project("{9A19103F-16F7-4668-BE54-9A1E7A4F7556}") = "DGU_EnumToClass", "DGU_EnumToClass\DGU_EnumToClass.csproj", "{3D8E893A-CA2C-4374-870E-983E9A36200D}"
EndProject
Project("{9A19103F-16F7-4668-BE54-9A1E7A4F7556}") = "DGU_EnumToClass_Test", "DGU_EnumToClass_Test\DGU_EnumToClass_Test.csproj", "{50972F77-0382-4EF6-B762-3B7E444AB129}"
EndProject
Project("{FAE04EC0-301F-11D3-BF4B-00C04F79EFBC}") = "DGU_ByteAssist", "DGU_ByteAssist\DGU_ByteAssist.csproj", "{434C6D73-5880-41FA-9C80-455AC78AF042}"
EndProject
Project("{FAE04EC0-301F-11D3-BF4B-00C04F79EFBC}") = "DGU_ByteAssist_Test", "DGU_ByteAssist_Test\DGU_ByteAssist_Test.csproj", "{0DD12CB5-BB4B-477B-81EF-F7F35155AF2F}"
EndProject
Global
	GlobalSection(SolutionConfigurationPlatforms) = preSolution
		Debug|Any CPU = Debug|Any CPU
		Release|Any CPU = Release|Any CPU
	EndGlobalSection
	GlobalSection(ProjectConfigurationPlatforms) = postSolution
		{50B9D1DF-93FF-4B23-8160-AEDA2C42E212}.Debug|Any CPU.ActiveCfg = Debug|Any CPU
		{50B9D1DF-93FF-4B23-8160-AEDA2C42E212}.Debug|Any CPU.Build.0 = Debug|Any CPU
		{50B9D1DF-93FF-4B23-8160-AEDA2C42E212}.Release|Any CPU.ActiveCfg = Release|Any CPU
		{50B9D1DF-93FF-4B23-8160-AEDA2C42E212}.Release|Any CPU.Build.0 = Release|Any CPU
		{42777A87-D887-4160-A86C-3EBE481D476B}.Debug|Any CPU.ActiveCfg = Debug|Any CPU
		{42777A87-D887-4160-A86C-3EBE481D476B}.Debug|Any CPU.Build.0 = Debug|Any CPU
		{42777A87-D887-4160-A86C-3EBE481D476B}.Release|Any CPU.ActiveCfg = Release|Any CPU
		{42777A87-D887-4160-A86C-3EBE481D476B}.Release|Any CPU.Build.0 = Release|Any CPU
		{3D8E893A-CA2C-4374-870E-983E9A36200D}.Debug|Any CPU.ActiveCfg = Debug|Any CPU
		{3D8E893A-CA2C-4374-870E-983E9A36200D}.Debug|Any CPU.Build.0 = Debug|Any CPU
		{3D8E893A-CA2C-4374-870E-983E9A36200D}.Release|Any CPU.ActiveCfg = Release|Any CPU
		{3D8E893A-CA2C-4374-870E-983E9A36200D}.Release|Any CPU.Build.0 = Release|Any CPU
		{50972F77-0382-4EF6-B762-3B7E444AB129}.Debug|Any CPU.ActiveCfg = Debug|Any CPU
		{50972F77-0382-4EF6-B762-3B7E444AB129}.Debug|Any CPU.Build.0 = Debug|Any CPU
		{50972F77-0382-4EF6-B762-3B7E444AB129}.Release|Any CPU.ActiveCfg = Release|Any CPU
		{50972F77-0382-4EF6-B762-3B7E444AB129}.Release|Any CPU.Build.0 = Release|Any CPU
		{434C6D73-5880-41FA-9C80-455AC78AF042}.Debug|Any CPU.ActiveCfg = Debug|Any CPU
		{434C6D73-5880-41FA-9C80-455AC78AF042}.Debug|Any CPU.Build.0 = Debug|Any CPU
		{434C6D73-5880-41FA-9C80-455AC78AF042}.Release|Any CPU.ActiveCfg = Release|Any CPU
		{434C6D73-5880-41FA-9C80-455AC78AF042}.Release|Any CPU.Build.0 = Release|Any CPU
		{0DD12CB5-BB4B-477B-81EF-F7F35155AF2F}.Debug|Any CPU.ActiveCfg = Debug|Any CPU
		{0DD12CB5-BB4B-477B-81EF-F7F35155AF2F}.Debug|Any CPU.Build.0 = Debug|Any CPU
		{0DD12CB5-BB4B-477B-81EF-F7F35155AF2F}.Release|Any CPU.ActiveCfg = Release|Any CPU
		{0DD12CB5-BB4B-477B-81EF-F7F35155AF2F}.Release|Any CPU.Build.0 = Release|Any CPU
	EndGlobalSection
	GlobalSection(SolutionProperties) = preSolution
		HideSolutionNode = FALSE
	EndGlobalSection
	GlobalSection(ExtensibilityGlobals) = postSolution
		SolutionGuid = {76687BE7-7D76-47EA-8CD1-B48AC1A9AF47}
	EndGlobalSection
EndGlobal
